
Microsoft Visual Studio Solution File, Format Version 12.00
# Visual Studio Version 17
VisualStudioVersion = 17.6.33801.468
MinimumVisualStudioVersion = 10.0.40219.1
Project("{FAE04EC0-301F-11D3-BF4B-00C04F79EFBC}") = "ProcessUserData", "ProcessUserData.csproj", "{54DAA07D-D859-4544-A29B-AD0B6C7DD0A1}"
EndProject
Project("{FAE04EC0-301F-11D3-BF4B-00C04F79EFBC}") = "ProcessUserDataTest", "..\ProcessUserDataTest\ProcessUserDataTest.csproj", "{73E08E17-F15A-47FE-9337-706689252AAF}"
EndProject
Global
	GlobalSection(SolutionConfigurationPlatforms) = preSolution
		Debug|Any CPU = Debug|Any CPU
		Release|Any CPU = Release|Any CPU
	EndGlobalSection
	GlobalSection(ProjectConfigurationPlatforms) = postSolution
		{54DAA07D-D859-4544-A29B-AD0B6C7DD0A1}.Debug|Any CPU.ActiveCfg = Debug|Any CPU
		{54DAA07D-D859-4544-A29B-AD0B6C7DD0A1}.Debug|Any CPU.Build.0 = Debug|Any CPU
		{54DAA07D-D859-4544-A29B-AD0B6C7DD0A1}.Release|Any CPU.ActiveCfg = Release|Any CPU
		{54DAA07D-D859-4544-A29B-AD0B6C7DD0A1}.Release|Any CPU.Build.0 = Release|Any CPU
		{73E08E17-F15A-47FE-9337-706689252AAF}.Debug|Any CPU.ActiveCfg = Debug|Any CPU
		{73E08E17-F15A-47FE-9337-706689252AAF}.Debug|Any CPU.Build.0 = Debug|Any CPU
		{73E08E17-F15A-47FE-9337-706689252AAF}.Release|Any CPU.ActiveCfg = Release|Any CPU
		{73E08E17-F15A-47FE-9337-706689252AAF}.Release|Any CPU.Build.0 = Release|Any CPU
	EndGlobalSection
	GlobalSection(SolutionProperties) = preSolution
		HideSolutionNode = FALSE
	EndGlobalSection
	GlobalSection(ExtensibilityGlobals) = postSolution
		SolutionGuid = {EE109BB3-9E4C-42B0-A9DD-C36BD0FDB530}
	EndGlobalSection
EndGlobal
